
Microsoft Visual Studio Solution File, Format Version 12.00
# Visual Studio 15
VisualStudioVersion = 15.0.28307.779
MinimumVisualStudioVersion = 10.0.40219.1
Project("{FAE04EC0-301F-11D3-BF4B-00C04F79EFBC}") = "Database", "Database\Database.csproj", "{C7A1403D-2222-48E2-AFBA-0583261A8DB1}"
EndProject
Project("{FAE04EC0-301F-11D3-BF4B-00C04F79EFBC}") = "SBT.Crore", "SBT.Crore\SBT.Crore.csproj", "{B3AEF0AC-918D-4EAE-8711-3493E3D0079D}"
EndProject
Global
	GlobalSection(SolutionConfigurationPlatforms) = preSolution
		Debug|Any CPU = Debug|Any CPU
		Release|Any CPU = Release|Any CPU
	EndGlobalSection
	GlobalSection(ProjectConfigurationPlatforms) = postSolution
		{C7A1403D-2222-48E2-AFBA-0583261A8DB1}.Debug|Any CPU.ActiveCfg = Debug|Any CPU
		{C7A1403D-2222-48E2-AFBA-0583261A8DB1}.Debug|Any CPU.Build.0 = Debug|Any CPU
		{C7A1403D-2222-48E2-AFBA-0583261A8DB1}.Release|Any CPU.ActiveCfg = Release|Any CPU
		{C7A1403D-2222-48E2-AFBA-0583261A8DB1}.Release|Any CPU.Build.0 = Release|Any CPU
		{B3AEF0AC-918D-4EAE-8711-3493E3D0079D}.Debug|Any CPU.ActiveCfg = Debug|Any CPU
		{B3AEF0AC-918D-4EAE-8711-3493E3D0079D}.Debug|Any CPU.Build.0 = Debug|Any CPU
		{B3AEF0AC-918D-4EAE-8711-3493E3D0079D}.Release|Any CPU.ActiveCfg = Release|Any CPU
		{B3AEF0AC-918D-4EAE-8711-3493E3D0079D}.Release|Any CPU.Build.0 = Release|Any CPU
	EndGlobalSection
	GlobalSection(SolutionProperties) = preSolution
		HideSolutionNode = FALSE
	EndGlobalSection
	GlobalSection(ExtensibilityGlobals) = postSolution
		SolutionGuid = {36F02D6F-738D-4416-AE4E-3A1278A7D005}
	EndGlobalSection
EndGlobal
