
Microsoft Visual Studio Solution File, Format Version 12.00
# Visual Studio 15
VisualStudioVersion = 15.0.28307.779
MinimumVisualStudioVersion = 10.0.40219.1
Project("{9A19103F-16F7-4668-BE54-9A1E7A4F7556}") = "SBT.Core", "SBT.Core\SBT.Core.csproj", "{10E72621-33D8-4285-BC97-53B6B02DD085}"
EndProject
Project("{9A19103F-16F7-4668-BE54-9A1E7A4F7556}") = "SBT.Database", "SBT.Database\SBT.Database.csproj", "{DF0EAD09-D3FA-4498-AFFE-EBBB104ECFA6}"
EndProject
Project("{9A19103F-16F7-4668-BE54-9A1E7A4F7556}") = "SBT.WebApp", "SBT.WebApp\SBT.WebApp.csproj", "{CA474EF5-7FBE-4B16-8935-CB514B3929B6}"
EndProject
Project("{9A19103F-16F7-4668-BE54-9A1E7A4F7556}") = "SBT.Core.Requesters.Test", "Tests\SBT.Core.Requesters.Test\SBT.Core.Requesters.Test.csproj", "{6AE9E3EA-1FC8-46BB-8CC3-87F59A753846}"
EndProject
Project("{9A19103F-16F7-4668-BE54-9A1E7A4F7556}") = "SBT.Database.Test", "Tests\SBT.Database.Test\SBT.Database.Test.csproj", "{6CDB66D9-D9FD-47E7-B126-AC84627CFC3C}"
EndProject
Project("{FAE04EC0-301F-11D3-BF4B-00C04F79EFBC}") = "SBT.BusinessLogic", "SBT.BusinessLogic\SBT.BusinessLogic.csproj", "{20E0E143-84B2-47D5-94C7-FE38FA979E0D}"
EndProject
Global
	GlobalSection(SolutionConfigurationPlatforms) = preSolution
		Debug|Any CPU = Debug|Any CPU
		Release|Any CPU = Release|Any CPU
	EndGlobalSection
	GlobalSection(ProjectConfigurationPlatforms) = postSolution
		{10E72621-33D8-4285-BC97-53B6B02DD085}.Debug|Any CPU.ActiveCfg = Debug|Any CPU
		{10E72621-33D8-4285-BC97-53B6B02DD085}.Debug|Any CPU.Build.0 = Debug|Any CPU
		{10E72621-33D8-4285-BC97-53B6B02DD085}.Release|Any CPU.ActiveCfg = Release|Any CPU
		{10E72621-33D8-4285-BC97-53B6B02DD085}.Release|Any CPU.Build.0 = Release|Any CPU
		{DF0EAD09-D3FA-4498-AFFE-EBBB104ECFA6}.Debug|Any CPU.ActiveCfg = Debug|Any CPU
		{DF0EAD09-D3FA-4498-AFFE-EBBB104ECFA6}.Debug|Any CPU.Build.0 = Debug|Any CPU
		{DF0EAD09-D3FA-4498-AFFE-EBBB104ECFA6}.Release|Any CPU.ActiveCfg = Release|Any CPU
		{DF0EAD09-D3FA-4498-AFFE-EBBB104ECFA6}.Release|Any CPU.Build.0 = Release|Any CPU
		{CA474EF5-7FBE-4B16-8935-CB514B3929B6}.Debug|Any CPU.ActiveCfg = Debug|Any CPU
		{CA474EF5-7FBE-4B16-8935-CB514B3929B6}.Debug|Any CPU.Build.0 = Debug|Any CPU
		{CA474EF5-7FBE-4B16-8935-CB514B3929B6}.Release|Any CPU.ActiveCfg = Release|Any CPU
		{CA474EF5-7FBE-4B16-8935-CB514B3929B6}.Release|Any CPU.Build.0 = Release|Any CPU
		{6AE9E3EA-1FC8-46BB-8CC3-87F59A753846}.Debug|Any CPU.ActiveCfg = Debug|Any CPU
		{6AE9E3EA-1FC8-46BB-8CC3-87F59A753846}.Debug|Any CPU.Build.0 = Debug|Any CPU
		{6AE9E3EA-1FC8-46BB-8CC3-87F59A753846}.Release|Any CPU.ActiveCfg = Release|Any CPU
		{6AE9E3EA-1FC8-46BB-8CC3-87F59A753846}.Release|Any CPU.Build.0 = Release|Any CPU
		{6CDB66D9-D9FD-47E7-B126-AC84627CFC3C}.Debug|Any CPU.ActiveCfg = Debug|Any CPU
		{6CDB66D9-D9FD-47E7-B126-AC84627CFC3C}.Debug|Any CPU.Build.0 = Debug|Any CPU
		{6CDB66D9-D9FD-47E7-B126-AC84627CFC3C}.Release|Any CPU.ActiveCfg = Release|Any CPU
		{6CDB66D9-D9FD-47E7-B126-AC84627CFC3C}.Release|Any CPU.Build.0 = Release|Any CPU
		{20E0E143-84B2-47D5-94C7-FE38FA979E0D}.Debug|Any CPU.ActiveCfg = Debug|Any CPU
		{20E0E143-84B2-47D5-94C7-FE38FA979E0D}.Debug|Any CPU.Build.0 = Debug|Any CPU
		{20E0E143-84B2-47D5-94C7-FE38FA979E0D}.Release|Any CPU.ActiveCfg = Release|Any CPU
		{20E0E143-84B2-47D5-94C7-FE38FA979E0D}.Release|Any CPU.Build.0 = Release|Any CPU
	EndGlobalSection
	GlobalSection(SolutionProperties) = preSolution
		HideSolutionNode = FALSE
	EndGlobalSection
	GlobalSection(ExtensibilityGlobals) = postSolution
		SolutionGuid = {36F02D6F-738D-4416-AE4E-3A1278A7D005}
	EndGlobalSection
EndGlobal
